
Microsoft Visual Studio Solution File, Format Version 12.00
# Visual Studio Version 17
VisualStudioVersion = 17.5.002.0
MinimumVisualStudioVersion = 10.0.40219.1
Project("{9A19103F-16F7-4668-BE54-9A1E7A4F7556}") = "back-end-dotnet", "back-end-dotnet\back-end-dotnet.csproj", "{51A41F89-9B19-4929-A050-D9B56C2CC15E}"
EndProject
Global
	GlobalSection(SolutionConfigurationPlatforms) = preSolution
		Debug|Any CPU = Debug|Any CPU
		Release|Any CPU = Release|Any CPU
	EndGlobalSection
	GlobalSection(ProjectConfigurationPlatforms) = postSolution
		{51A41F89-9B19-4929-A050-D9B56C2CC15E}.Debug|Any CPU.ActiveCfg = Debug|Any CPU
		{51A41F89-9B19-4929-A050-D9B56C2CC15E}.Debug|Any CPU.Build.0 = Debug|Any CPU
		{51A41F89-9B19-4929-A050-D9B56C2CC15E}.Release|Any CPU.ActiveCfg = Release|Any CPU
		{51A41F89-9B19-4929-A050-D9B56C2CC15E}.Release|Any CPU.Build.0 = Release|Any CPU
	EndGlobalSection
	GlobalSection(SolutionProperties) = preSolution
		HideSolutionNode = FALSE
	EndGlobalSection
	GlobalSection(ExtensibilityGlobals) = postSolution
		SolutionGuid = {695A705F-449C-45EE-98C1-A01A36B33818}
	EndGlobalSection
EndGlobal
